{
  "originHash" : "3157fee4397a74631907f61b9408217ae60801e8597270fed04a83e033f0ee2c",
  "pins" : [
    {
      "identity" : "tapioca",
      "kind" : "remoteSourceControl",
      "location" : "https://github.com/Project-Academy/Tapioca.git",
      "state" : {
        "branch" : "main",
        "revision" : "58b27ea68ac120387822e983e0ba460219c76d2a"
      }
    }
  ],
  "version" : 3
}
